// !$*UTF8*$!
{
	archiveVersion = 1;
	classes = {
	};
	objectVersion = 50;
	objects = {

/* Begin PBXBuildFile section */
		2F147FE82294660300B2DD08 /* Item.swift in Sources */ = {isa = PBXBuildFile; fileRef = 2F147FE72294660300B2DD08 /* Item.swift */; };
		2F147FEA2294660F00B2DD08 /* Category.swift in Sources */ = {isa = PBXBuildFile; fileRef = 2F147FE92294660F00B2DD08 /* Category.swift */; };
		2FA75974228F4FB2007146AB /* CategoryViewController.swift in Sources */ = {isa = PBXBuildFile; fileRef = 2FA75973228F4FB2007146AB /* CategoryViewController.swift */; };
		2FC71CBB227C9CE8009D864A /* AppDelegate.swift in Sources */ = {isa = PBXBuildFile; fileRef = 2FC71CBA227C9CE8009D864A /* AppDelegate.swift */; };
		2FC71CBD227C9CE8009D864A /* ToDoListViewController.swift in Sources */ = {isa = PBXBuildFile; fileRef = 2FC71CBC227C9CE8009D864A /* ToDoListViewController.swift */; };
		2FC71CC0227C9CE8009D864A /* Main.storyboard in Resources */ = {isa = PBXBuildFile; fileRef = 2FC71CBE227C9CE8009D864A /* Main.storyboard */; };
		2FC71CC2227C9CE8009D864A /* Assets.xcassets in Resources */ = {isa = PBXBuildFile; fileRef = 2FC71CC1227C9CE8009D864A /* Assets.xcassets */; };
		2FC71CC5227C9CE8009D864A /* LaunchScreen.storyboard in Resources */ = {isa = PBXBuildFile; fileRef = 2FC71CC3227C9CE8009D864A /* LaunchScreen.storyboard */; };
		FB9DC628488475B09789B3BF /* Pods_Todoey.framework in Frameworks */ = {isa = PBXBuildFile; fileRef = 35774AE561D93996B4386187 /* Pods_Todoey.framework */; };
/* End PBXBuildFile section */

/* Begin PBXFileReference section */
		2F147FE72294660300B2DD08 /* Item.swift */ = {isa = PBXFileReference; lastKnownFileType = sourcecode.swift; path = Item.swift; sourceTree = "<group>"; };
		2F147FE92294660F00B2DD08 /* Category.swift */ = {isa = PBXFileReference; lastKnownFileType = sourcecode.swift; path = Category.swift; sourceTree = "<group>"; };
		2FA75973228F4FB2007146AB /* CategoryViewController.swift */ = {isa = PBXFileReference; lastKnownFileType = sourcecode.swift; path = CategoryViewController.swift; sourceTree = "<group>"; };
		2FC71CB7227C9CE8009D864A /* Todoey.app */ = {isa = PBXFileReference; explicitFileType = wrapper.application; includeInIndex = 0; path = Todoey.app; sourceTree = BUILT_PRODUCTS_DIR; };
		2FC71CBA227C9CE8009D864A /* AppDelegate.swift */ = {isa = PBXFileReference; lastKnownFileType = sourcecode.swift; path = AppDelegate.swift; sourceTree = "<group>"; };
		2FC71CBC227C9CE8009D864A /* ToDoListViewController.swift */ = {isa = PBXFileReference; lastKnownFileType = sourcecode.swift; path = ToDoListViewController.swift; sourceTree = "<group>"; };
		2FC71CBF227C9CE8009D864A /* Base */ = {isa = PBXFileReference; lastKnownFileType = file.storyboard; name = Base; path = Base.lproj/Main.storyboard; sourceTree = "<group>"; };
		2FC71CC1227C9CE8009D864A /* Assets.xcassets */ = {isa = PBXFileReference; lastKnownFileType = folder.assetcatalog; path = Assets.xcassets; sourceTree = "<group>"; };
		2FC71CC4227C9CE8009D864A /* Base */ = {isa = PBXFileReference; lastKnownFileType = file.storyboard; name = Base; path = Base.lproj/LaunchScreen.storyboard; sourceTree = "<group>"; };
		2FC71CC6227C9CE8009D864A /* Info.plist */ = {isa = PBXFileReference; lastKnownFileType = text.plist.xml; path = Info.plist; sourceTree = "<group>"; };
		35774AE561D93996B4386187 /* Pods_Todoey.framework */ = {isa = PBXFileReference; explicitFileType = wrapper.framework; includeInIndex = 0; path = Pods_Todoey.framework; sourceTree = BUILT_PRODUCTS_DIR; };
		900865CAF35E49AB637E15AB /* Pods-Todoey.release.xcconfig */ = {isa = PBXFileReference; includeInIndex = 1; lastKnownFileType = text.xcconfig; name = "Pods-Todoey.release.xcconfig"; path = "Target Support Files/Pods-Todoey/Pods-Todoey.release.xcconfig"; sourceTree = "<group>"; };
		A7ED9F4A94EBDE675A65131A /* Pods-Todoey.debug.xcconfig */ = {isa = PBXFileReference; includeInIndex = 1; lastKnownFileType = text.xcconfig; name = "Pods-Todoey.debug.xcconfig"; path = "Target Support Files/Pods-Todoey/Pods-Todoey.debug.xcconfig"; sourceTree = "<group>"; };
/* End PBXFileReference section */

/* Begin PBXFrameworksBuildPhase section */
		2FC71CB4227C9CE8009D864A /* Frameworks */ = {
			isa = PBXFrameworksBuildPhase;
			buildActionMask = 2147483647;
			files = (
				FB9DC628488475B09789B3BF /* Pods_Todoey.framework in Frameworks */,
			);
			runOnlyForDeploymentPostprocessing = 0;
		};
/* End PBXFrameworksBuildPhase section */

/* Begin PBXGroup section */
		2FA7594B228F15EF007146AB /* Data Model */ = {
			isa = PBXGroup;
			children = (
				2F147FE92294660F00B2DD08 /* Category.swift */,
				2F147FE72294660300B2DD08 /* Item.swift */,
			);
			path = "Data Model";
			sourceTree = "<group>";
		};
		2FA7594C228F1602007146AB /* Controllers */ = {
			isa = PBXGroup;
			children = (
				2FA75973228F4FB2007146AB /* CategoryViewController.swift */,
				2FC71CBC227C9CE8009D864A /* ToDoListViewController.swift */,
			);
			path = Controllers;
			sourceTree = "<group>";
		};
		2FA7594D228F160E007146AB /* Views */ = {
			isa = PBXGroup;
			children = (
				2FC71CBE227C9CE8009D864A /* Main.storyboard */,
			);
			path = Views;
			sourceTree = "<group>";
		};
		2FA7594E228F166B007146AB /* Supporting Files */ = {
			isa = PBXGroup;
			children = (
				2FC71CC1227C9CE8009D864A /* Assets.xcassets */,
				2FC71CC3227C9CE8009D864A /* LaunchScreen.storyboard */,
			);
			path = "Supporting Files";
			sourceTree = "<group>";
		};
		2FC71CAE227C9CE8009D864A = {
			isa = PBXGroup;
			children = (
				2FC71CB9227C9CE8009D864A /* Todoey */,
				2FC71CB8227C9CE8009D864A /* Products */,
				6F9A9B76FA3B42FCB3C974B0 /* Pods */,
				C2F7B9464958246203A6CBE3 /* Frameworks */,
			);
			sourceTree = "<group>";
		};
		2FC71CB8227C9CE8009D864A /* Products */ = {
			isa = PBXGroup;
			children = (
				2FC71CB7227C9CE8009D864A /* Todoey.app */,
			);
			name = Products;
			sourceTree = "<group>";
		};
		2FC71CB9227C9CE8009D864A /* Todoey */ = {
			isa = PBXGroup;
			children = (
				2FC71CBA227C9CE8009D864A /* AppDelegate.swift */,
				2FA7594B228F15EF007146AB /* Data Model */,
				2FA7594C228F1602007146AB /* Controllers */,
				2FA7594D228F160E007146AB /* Views */,
				2FA7594E228F166B007146AB /* Supporting Files */,
				2FC71CC6227C9CE8009D864A /* Info.plist */,
			);
			path = Todoey;
			sourceTree = "<group>";
		};
		6F9A9B76FA3B42FCB3C974B0 /* Pods */ = {
			isa = PBXGroup;
			children = (
				A7ED9F4A94EBDE675A65131A /* Pods-Todoey.debug.xcconfig */,
				900865CAF35E49AB637E15AB /* Pods-Todoey.release.xcconfig */,
			);
			path = Pods;
			sourceTree = "<group>";
		};
		C2F7B9464958246203A6CBE3 /* Frameworks */ = {
			isa = PBXGroup;
			children = (
				35774AE561D93996B4386187 /* Pods_Todoey.framework */,
			);
			name = Frameworks;
			sourceTree = "<group>";
		};
/* End PBXGroup section */

/* Begin PBXNativeTarget section */
		2FC71CB6227C9CE8009D864A /* Todoey */ = {
			isa = PBXNativeTarget;
			buildConfigurationList = 2FC71CC9227C9CE8009D864A /* Build configuration list for PBXNativeTarget "Todoey" */;
			buildPhases = (
				C724ABCECD297D68582194F2 /* [CP] Check Pods Manifest.lock */,
				2FC71CB3227C9CE8009D864A /* Sources */,
				2FC71CB4227C9CE8009D864A /* Frameworks */,
				2FC71CB5227C9CE8009D864A /* Resources */,
				9CE0ED4B62B48B5D14F2B384 /* [CP] Embed Pods Frameworks */,
			);
			buildRules = (
			);
			dependencies = (
			);
			name = Todoey;
			productName = Todoey;
			productReference = 2FC71CB7227C9CE8009D864A /* Todoey.app */;
			productType = "com.apple.product-type.application";
		};
/* End PBXNativeTarget section */

/* Begin PBXProject section */
		2FC71CAF227C9CE8009D864A /* Project object */ = {
			isa = PBXProject;
			attributes = {
				LastSwiftUpdateCheck = 1010;
				LastUpgradeCheck = 1010;
				ORGANIZATIONNAME = "Naim Sakaamini";
				TargetAttributes = {
					2FC71CB6227C9CE8009D864A = {
						CreatedOnToolsVersion = 10.1;
					};
				};
			};
			buildConfigurationList = 2FC71CB2227C9CE8009D864A /* Build configuration list for PBXProject "Todoey" */;
			compatibilityVersion = "Xcode 9.3";
			developmentRegion = en;
			hasScannedForEncodings = 0;
			knownRegions = (
				en,
				Base,
			);
			mainGroup = 2FC71CAE227C9CE8009D864A;
			productRefGroup = 2FC71CB8227C9CE8009D864A /* Products */;
			projectDirPath = "";
			projectRoot = "";
			targets = (
				2FC71CB6227C9CE8009D864A /* Todoey */,
			);
		};
/* End PBXProject section */

/* Begin PBXResourcesBuildPhase section */
		2FC71CB5227C9CE8009D864A /* Resources */ = {
			isa = PBXResourcesBuildPhase;
			buildActionMask = 2147483647;
			files = (
				2FC71CC5227C9CE8009D864A /* LaunchScreen.storyboard in Resources */,
				2FC71CC2227C9CE8009D864A /* Assets.xcassets in Resources */,
				2FC71CC0227C9CE8009D864A /* Main.storyboard in Resources */,
			);
			runOnlyForDeploymentPostprocessing = 0;
		};
/* End PBXResourcesBuildPhase section */

/* Begin PBXShellScriptBuildPhase section */
		9CE0ED4B62B48B5D14F2B384 /* [CP] Embed Pods Frameworks */ = {
			isa = PBXShellScriptBuildPhase;
			buildActionMask = 2147483647;
			files = (
			);
			inputFileListPaths = (
			);
			inputPaths = (
				"${PODS_ROOT}/Target Support Files/Pods-Todoey/Pods-Todoey-frameworks.sh",
				"${BUILT_PRODUCTS_DIR}/Realm/Realm.framework",
				"${BUILT_PRODUCTS_DIR}/RealmSwift/RealmSwift.framework",
			);
			name = "[CP] Embed Pods Frameworks";
			outputFileListPaths = (
			);
			outputPaths = (
				"${TARGET_BUILD_DIR}/${FRAMEWORKS_FOLDER_PATH}/Realm.framework",
				"${TARGET_BUILD_DIR}/${FRAMEWORKS_FOLDER_PATH}/RealmSwift.framework",
			);
			runOnlyForDeploymentPostprocessing = 0;
			shellPath = /bin/sh;
			shellScript = "\"${PODS_ROOT}/Target Support Files/Pods-Todoey/Pods-Todoey-frameworks.sh\"\n";
			showEnvVarsInLog = 0;
		};
		C724ABCECD297D68582194F2 /* [CP] Check Pods Manifest.lock */ = {
			isa = PBXShellScriptBuildPhase;
			buildActionMask = 2147483647;
			files = (
			);
			inputFileListPaths = (
			);
			inputPaths = (
				"${PODS_PODFILE_DIR_PATH}/Podfile.lock",
				"${PODS_ROOT}/Manifest.lock",
			);
			name = "[CP] Check Pods Manifest.lock";
			outputFileListPaths = (
			);
			outputPaths = (
				"$(DERIVED_FILE_DIR)/Pods-Todoey-checkManifestLockResult.txt",
			);
			runOnlyForDeploymentPostprocessing = 0;
			shellPath = /bin/sh;
			shellScript = "diff \"${PODS_PODFILE_DIR_PATH}/Podfile.lock\" \"${PODS_ROOT}/Manifest.lock\" > /dev/null\nif [ $? != 0 ] ; then\n    # print error to STDERR\n    echo \"error: The sandbox is not in sync with the Podfile.lock. Run 'pod install' or update your CocoaPods installation.\" >&2\n    exit 1\nfi\n# This output is used by Xcode 'outputs' to avoid re-running this script phase.\necho \"SUCCESS\" > \"${SCRIPT_OUTPUT_FILE_0}\"\n";
			showEnvVarsInLog = 0;
		};
/* End PBXShellScriptBuildPhase section */

/* Begin PBXSourcesBuildPhase section */
		2FC71CB3227C9CE8009D864A /* Sources */ = {
			isa = PBXSourcesBuildPhase;
			buildActionMask = 2147483647;
			files = (
				2F147FE82294660300B2DD08 /* Item.swift in Sources */,
				2FA75974228F4FB2007146AB /* CategoryViewController.swift in Sources */,
				2FC71CBD227C9CE8009D864A /* ToDoListViewController.swift in Sources */,
				2FC71CBB227C9CE8009D864A /* AppDelegate.swift in Sources */,
				2F147FEA2294660F00B2DD08 /* Category.swift in Sources */,
			);
			runOnlyForDeploymentPostprocessing = 0;
		};
/* End PBXSourcesBuildPhase section */

/* Begin PBXVariantGroup section */
		2FC71CBE227C9CE8009D864A /* Main.storyboard */ = {
			isa = PBXVariantGroup;
			children = (
				2FC71CBF227C9CE8009D864A /* Base */,
			);
			name = Main.storyboard;
			sourceTree = "<group>";
		};
		2FC71CC3227C9CE8009D864A /* LaunchScreen.storyboard */ = {
			isa = PBXVariantGroup;
			children = (
				2FC71CC4227C9CE8009D864A /* Base */,
			);
			name = LaunchScreen.storyboard;
			sourceTree = "<group>";
		};
/* End PBXVariantGroup section */

/* Begin XCBuildConfiguration section */
		2FC71CC7227C9CE8009D864A /* Debug */ = {
			isa = XCBuildConfiguration;
			buildSettings = {
				ALWAYS_SEARCH_USER_PATHS = NO;
				CLANG_ANALYZER_NONNULL = YES;
				CLANG_ANALYZER_NUMBER_OBJECT_CONVERSION = YES_AGGRESSIVE;
				CLANG_CXX_LANGUAGE_STANDARD = "gnu++14";
				CLANG_CXX_LIBRARY = "libc++";
				CLANG_ENABLE_MODULES = YES;
				CLANG_ENABLE_OBJC_ARC = YES;
				CLANG_ENABLE_OBJC_WEAK = YES;
				CLANG_WARN_BLOCK_CAPTURE_AUTORELEASING = YES;
				CLANG_WARN_BOOL_CONVERSION = YES;
				CLANG_WARN_COMMA = YES;
				CLANG_WARN_CONSTANT_CONVERSION = YES;
				CLANG_WARN_DEPRECATED_OBJC_IMPLEMENTATIONS = YES;
				CLANG_WARN_DIRECT_OBJC_ISA_USAGE = YES_ERROR;
				CLANG_WARN_DOCUMENTATION_COMMENTS = YES;
				CLANG_WARN_EMPTY_BODY = YES;
				CLANG_WARN_ENUM_CONVERSION = YES;
				CLANG_WARN_INFINITE_RECURSION = YES;
				CLANG_WARN_INT_CONVERSION = YES;
				CLANG_WARN_NON_LITERAL_NULL_CONVERSION = YES;
				CLANG_WARN_OBJC_IMPLICIT_RETAIN_SELF = YES;
				CLANG_WARN_OBJC_LITERAL_CONVERSION = YES;
				CLANG_WARN_OBJC_ROOT_CLASS = YES_ERROR;
				CLANG_WARN_RANGE_LOOP_ANALYSIS = YES;
				CLANG_WARN_STRICT_PROTOTYPES = YES;
				CLANG_WARN_SUSPICIOUS_MOVE = YES;
				CLANG_WARN_UNGUARDED_AVAILABILITY = YES_AGGRESSIVE;
				CLANG_WARN_UNREACHABLE_CODE = YES;
				CLANG_WARN__DUPLICATE_METHOD_MATCH = YES;
				CODE_SIGN_IDENTITY = "iPhone Developer";
				COPY_PHASE_STRIP = NO;
				DEBUG_INFORMATION_FORMAT = dwarf;
				ENABLE_STRICT_OBJC_MSGSEND = YES;
				ENABLE_TESTABILITY = YES;
				GCC_C_LANGUAGE_STANDARD = gnu11;
				GCC_DYNAMIC_NO_PIC = NO;
				GCC_NO_COMMON_BLOCKS = YES;
				GCC_OPTIMIZATION_LEVEL = 0;
				GCC_PREPROCESSOR_DEFINITIONS = (
					"DEBUG=1",
					"$(inherited)",
				);
				GCC_WARN_64_TO_32_BIT_CONVERSION = YES;
				GCC_WARN_ABOUT_RETURN_TYPE = YES_ERROR;
				GCC_WARN_UNDECLARED_SELECTOR = YES;
				GCC_WARN_UNINITIALIZED_AUTOS = YES_AGGRESSIVE;
				GCC_WARN_UNUSED_FUNCTION = YES;
				GCC_WARN_UNUSED_VARIABLE = YES;
				IPHONEOS_DEPLOYMENT_TARGET = 12.1;
				MTL_ENABLE_DEBUG_INFO = INCLUDE_SOURCE;
				MTL_FAST_MATH = YES;
				ONLY_ACTIVE_ARCH = YES;
				SDKROOT = iphoneos;
				SWIFT_ACTIVE_COMPILATION_CONDITIONS = DEBUG;
				SWIFT_OPTIMIZATION_LEVEL = "-Onone";
			};
			name = Debug;
		};
		2FC71CC8227C9CE8009D864A /* Release */ = {
			isa = XCBuildConfiguration;
			buildSettings = {
				ALWAYS_SEARCH_USER_PATHS = NO;
				CLANG_ANALYZER_NONNULL = YES;
				CLANG_ANALYZER_NUMBER_OBJECT_CONVERSION = YES_AGGRESSIVE;
				CLANG_CXX_LANGUAGE_STANDARD = "gnu++14";
				CLANG_CXX_LIBRARY = "libc++";
				CLANG_ENABLE_MODULES = YES;
				CLANG_ENABLE_OBJC_ARC = YES;
				CLANG_ENABLE_OBJC_WEAK = YES;
				CLANG_WARN_BLOCK_CAPTURE_AUTORELEASING = YES;
				CLANG_WARN_BOOL_CONVERSION = YES;
				CLANG_WARN_COMMA = YES;
				CLANG_WARN_CONSTANT_CONVERSION = YES;
				CLANG_WARN_DEPRECATED_OBJC_IMPLEMENTATIONS = YES;
				CLANG_WARN_DIRECT_OBJC_ISA_USAGE = YES_ERROR;
				CLANG_WARN_DOCUMENTATION_COMMENTS = YES;
				CLANG_WARN_EMPTY_BODY = YES;
				CLANG_WARN_ENUM_CONVERSION = YES;
				CLANG_WARN_INFINITE_RECURSION = YES;
				CLANG_WARN_INT_CONVERSION = YES;
				CLANG_WARN_NON_LITERAL_NULL_CONVERSION = YES;
				CLANG_WARN_OBJC_IMPLICIT_RETAIN_SELF = YES;
				CLANG_WARN_OBJC_LITERAL_CONVERSION = YES;
				CLANG_WARN_OBJC_ROOT_CLASS = YES_ERROR;
				CLANG_WARN_RANGE_LOOP_ANALYSIS = YES;
				CLANG_WARN_STRICT_PROTOTYPES = YES;
				CLANG_WARN_SUSPICIOUS_MOVE = YES;
				CLANG_WARN_UNGUARDED_AVAILABILITY = YES_AGGRESSIVE;
				CLANG_WARN_UNREACHABLE_CODE = YES;
				CLANG_WARN__DUPLICATE_METHOD_MATCH = YES;
				CODE_SIGN_IDENTITY = "iPhone Developer";
				COPY_PHASE_STRIP = NO;
				DEBUG_INFORMATION_FORMAT = "dwarf-with-dsym";
				ENABLE_NS_ASSERTIONS = NO;
				ENABLE_STRICT_OBJC_MSGSEND = YES;
				GCC_C_LANGUAGE_STANDARD = gnu11;
				GCC_NO_COMMON_BLOCKS = YES;
				GCC_WARN_64_TO_32_BIT_CONVERSION = YES;
				GCC_WARN_ABOUT_RETURN_TYPE = YES_ERROR;
				GCC_WARN_UNDECLARED_SELECTOR = YES;
				GCC_WARN_UNINITIALIZED_AUTOS = YES_AGGRESSIVE;
				GCC_WARN_UNUSED_FUNCTION = YES;
				GCC_WARN_UNUSED_VARIABLE = YES;
				IPHONEOS_DEPLOYMENT_TARGET = 12.1;
				MTL_ENABLE_DEBUG_INFO = NO;
				MTL_FAST_MATH = YES;
				SDKROOT = iphoneos;
				SWIFT_COMPILATION_MODE = wholemodule;
				SWIFT_OPTIMIZATION_LEVEL = "-O";
				VALIDATE_PRODUCT = YES;
			};
			name = Release;
		};
		2FC71CCA227C9CE8009D864A /* Debug */ = {
			isa = XCBuildConfiguration;
			baseConfigurationReference = A7ED9F4A94EBDE675A65131A /* Pods-Todoey.debug.xcconfig */;
			buildSettings = {
				ASSETCATALOG_COMPILER_APPICON_NAME = AppIcon;
				CODE_SIGN_STYLE = Automatic;
				DEVELOPMENT_TEAM = 6FGZJHQNH8;
				INFOPLIST_FILE = Todoey/Info.plist;
				LD_RUNPATH_SEARCH_PATHS = (
					"$(inherited)",
					"@executable_path/Frameworks",
				);
				PRODUCT_BUNDLE_IDENTIFIER = com.sakaamini.Todoey;
				PRODUCT_NAME = "$(TARGET_NAME)";
				SWIFT_VERSION = 4.2;
				TARGETED_DEVICE_FAMILY = "1,2";
			};
			name = Debug;
		};
		2FC71CCB227C9CE8009D864A /* Release */ = {
			isa = XCBuildConfiguration;
			baseConfigurationReference = 900865CAF35E49AB637E15AB /* Pods-Todoey.release.xcconfig */;
			buildSettings = {
				ASSETCATALOG_COMPILER_APPICON_NAME = AppIcon;
				CODE_SIGN_STYLE = Automatic;
				DEVELOPMENT_TEAM = 6FGZJHQNH8;
				INFOPLIST_FILE = Todoey/Info.plist;
				LD_RUNPATH_SEARCH_PATHS = (
					"$(inherited)",
					"@executable_path/Frameworks",
				);
				PRODUCT_BUNDLE_IDENTIFIER = com.sakaamini.Todoey;
				PRODUCT_NAME = "$(TARGET_NAME)";
				SWIFT_VERSION = 4.2;
				TARGETED_DEVICE_FAMILY = "1,2";
			};
			name = Release;
		};
/* End XCBuildConfiguration section */

/* Begin XCConfigurationList section */
		2FC71CB2227C9CE8009D864A /* Build configuration list for PBXProject "Todoey" */ = {
			isa = XCConfigurationList;
			buildConfigurations = (
				2FC71CC7227C9CE8009D864A /* Debug */,
				2FC71CC8227C9CE8009D864A /* Release */,
			);
			defaultConfigurationIsVisible = 0;
			defaultConfigurationName = Release;
		};
		2FC71CC9227C9CE8009D864A /* Build configuration list for PBXNativeTarget "Todoey" */ = {
			isa = XCConfigurationList;
			buildConfigurations = (
				2FC71CCA227C9CE8009D864A /* Debug */,
				2FC71CCB227C9CE8009D864A /* Release */,
			);
			defaultConfigurationIsVisible = 0;
			defaultConfigurationName = Release;
		};
/* End XCConfigurationList section */
	};
	rootObject = 2FC71CAF227C9CE8009D864A /* Project object */;
}
